{
    "_readme": [
        "This file locks the dependencies of your project to a known state",
        "Read more about it at https://getcomposer.org/doc/01-basic-usage.md#composer-lock-the-lock-file",
        "This file is @generated automatically"
    ],
    "content-hash": "93a0a3751bd0573b00c1a887f816765b",
    "packages": [
        {
            "name": "php-kit/ext-pdo",
            "version": "1.1.3",
            "source": {
                "type": "git",
                "url": "https://github.com/php-kit/ext-pdo.git",
                "reference": "b94bf1805b75ba114e4a216dbca441ca7dc893be"
            },
            "dist": {
                "type": "zip",
                "url": "https://api.github.com/repos/php-kit/ext-pdo/zipball/b94bf1805b75ba114e4a216dbca441ca7dc893be",
                "reference": "b94bf1805b75ba114e4a216dbca441ca7dc893be",
                "shasum": ""
            },
            "require": {
                "php": ">=5.4.0"
            },
            "type": "library",
            "autoload": {
                "psr-4": {
                    "PhpKit\\ExtPDO\\": "src"
                }
            },
            "notification-url": "https://packagist.org/downloads/",
            "license": [
                "MIT"
            ],
            "authors": [
                {
                    "name": "Cláudio Silva",
                    "email": "claudio.silva@impactwave.com"
                },
                {
                    "name": "Impactwave",
                    "email": "impactwave@impactwave.com",
                    "homepage": "http://impactwave.com"
                }
            ],
            "description": "An extension to the standard PHP PDO API",
            "homepage": "https://github.com/php-kit/ext-pdo",
            "time": "2018-04-06T12:17:27+00:00"
        }
    ],
    "packages-dev": [],
    "aliases": [],
    "minimum-stability": "stable",
    "stability-flags": [],
    "prefer-stable": false,
    "prefer-lowest": false,
    "platform": [],
    "platform-dev": []
}
